
Microsoft Visual Studio Solution File, Format Version 12.00
# Visual Studio Version 17
VisualStudioVersion = 17.4.32804.182
MinimumVisualStudioVersion = 10.0.40219.1
Project("{9A19103F-16F7-4668-BE54-9A1E7A4F7556}") = "EventsService", "EventsService\EventsService.csproj", "{3F33C42B-D6C0-4E6E-B028-4D21E2402506}"
EndProject
Global
	GlobalSection(SolutionConfigurationPlatforms) = preSolution
		Debug|Any CPU = Debug|Any CPU
		Release|Any CPU = Release|Any CPU
	EndGlobalSection
	GlobalSection(ProjectConfigurationPlatforms) = postSolution
		{3F33C42B-D6C0-4E6E-B028-4D21E2402506}.Debug|Any CPU.ActiveCfg = Debug|Any CPU
		{3F33C42B-D6C0-4E6E-B028-4D21E2402506}.Debug|Any CPU.Build.0 = Debug|Any CPU
		{3F33C42B-D6C0-4E6E-B028-4D21E2402506}.Release|Any CPU.ActiveCfg = Release|Any CPU
		{3F33C42B-D6C0-4E6E-B028-4D21E2402506}.Release|Any CPU.Build.0 = Release|Any CPU
	EndGlobalSection
	GlobalSection(SolutionProperties) = preSolution
		HideSolutionNode = FALSE
	EndGlobalSection
	GlobalSection(ExtensibilityGlobals) = postSolution
		SolutionGuid = {69E2AA32-6602-482B-9AAE-4E89284F1C44}
	EndGlobalSection
EndGlobal
