
Microsoft Visual Studio Solution File, Format Version 12.00
# Visual Studio Version 17
VisualStudioVersion = 17.3.32721.290
MinimumVisualStudioVersion = 10.0.40219.1
Project("{9A19103F-16F7-4668-BE54-9A1E7A4F7556}") = "ChatService", "ChatService\ChatService.csproj", "{06EBAC34-767C-4A03-A1BD-512851BC9A74}"
EndProject
Global
	GlobalSection(SolutionConfigurationPlatforms) = preSolution
		Debug|Any CPU = Debug|Any CPU
		Release|Any CPU = Release|Any CPU
	EndGlobalSection
	GlobalSection(ProjectConfigurationPlatforms) = postSolution
		{06EBAC34-767C-4A03-A1BD-512851BC9A74}.Debug|Any CPU.ActiveCfg = Debug|Any CPU
		{06EBAC34-767C-4A03-A1BD-512851BC9A74}.Debug|Any CPU.Build.0 = Debug|Any CPU
		{06EBAC34-767C-4A03-A1BD-512851BC9A74}.Release|Any CPU.ActiveCfg = Release|Any CPU
		{06EBAC34-767C-4A03-A1BD-512851BC9A74}.Release|Any CPU.Build.0 = Release|Any CPU
	EndGlobalSection
	GlobalSection(SolutionProperties) = preSolution
		HideSolutionNode = FALSE
	EndGlobalSection
	GlobalSection(ExtensibilityGlobals) = postSolution
		SolutionGuid = {09D4816E-DFCA-417C-92EE-5FCCB8A87BFC}
	EndGlobalSection
EndGlobal
